
Microsoft Visual Studio Solution File, Format Version 12.00
# Visual Studio Version 17
VisualStudioVersion = 17.1.31911.260
MinimumVisualStudioVersion = 10.0.40219.1
Project("{FAE04EC0-301F-11D3-BF4B-00C04F79EFBC}") = "QLTT", "QLTT\QLTT.csproj", "{C029669D-A14D-4DCD-9FC8-DB91DD6724F2}"
EndProject
Global
	GlobalSection(SolutionConfigurationPlatforms) = preSolution
		Debug|Any CPU = Debug|Any CPU
		Release|Any CPU = Release|Any CPU
	EndGlobalSection
	GlobalSection(ProjectConfigurationPlatforms) = postSolution
		{C029669D-A14D-4DCD-9FC8-DB91DD6724F2}.Debug|Any CPU.ActiveCfg = Debug|Any CPU
		{C029669D-A14D-4DCD-9FC8-DB91DD6724F2}.Debug|Any CPU.Build.0 = Debug|Any CPU
		{C029669D-A14D-4DCD-9FC8-DB91DD6724F2}.Release|Any CPU.ActiveCfg = Release|Any CPU
		{C029669D-A14D-4DCD-9FC8-DB91DD6724F2}.Release|Any CPU.Build.0 = Release|Any CPU
	EndGlobalSection
	GlobalSection(SolutionProperties) = preSolution
		HideSolutionNode = FALSE
	EndGlobalSection
	GlobalSection(ExtensibilityGlobals) = postSolution
		SolutionGuid = {373C17A9-411D-4AE9-BBA2-732B00707C52}
	EndGlobalSection
EndGlobal
